
Microsoft Visual Studio Solution File, Format Version 12.00
# Visual Studio Version 18
VisualStudioVersion = 18.3.11520.95 d18.3
MinimumVisualStudioVersion = 10.0.40219.1
Project("{2150E333-8FDC-42A3-9474-1A3956D46DE8}") = "1-Presentation", "1-Presentation", "{629E70C3-503C-ED8D-D89C-9C8184ADA427}"
EndProject
Project("{FAE04EC0-301F-11D3-BF4B-00C04F79EFBC}") = "VianaHub.Global.Gerit.Api", "src\VianaHub.Global.Gerit.Api\VianaHub.Global.Gerit.Api.csproj", "{FD53CA8C-3E2D-48C2-8BC0-62316F6AF30B}"
EndProject
Project("{2150E333-8FDC-42A3-9474-1A3956D46DE8}") = "2-Application", "2-Application", "{2AD92386-79E5-699F-F58F-FD6FA6A6916E}"
EndProject
Project("{FAE04EC0-301F-11D3-BF4B-00C04F79EFBC}") = "VianaHub.Global.Gerit.Application", "src\VianaHub.Global.Gerit.Application\VianaHub.Global.Gerit.Application.csproj", "{42E68BD7-FD35-4E59-BB42-85B2EBF686BF}"
EndProject
Project("{2150E333-8FDC-42A3-9474-1A3956D46DE8}") = "3-Domain", "3-Domain", "{2420C803-290B-F142-B73B-E5BA85E34988}"
EndProject
Project("{FAE04EC0-301F-11D3-BF4B-00C04F79EFBC}") = "VianaHub.Global.Gerit.Domain", "src\VianaHub.Global.Gerit.Domain\VianaHub.Global.Gerit.Domain.csproj", "{AA7F126D-98AD-4683-A360-E63FC2A8CF0C}"
EndProject
Project("{2150E333-8FDC-42A3-9474-1A3956D46DE8}") = "4-Infra", "4-Infra", "{C263FC6A-B645-7249-9C52-1318A4A3D2CA}"
EndProject
Project("{FAE04EC0-301F-11D3-BF4B-00C04F79EFBC}") = "VianaHub.Global.Gerit.Infra.Data", "src\VianaHub.Global.Gerit.Infra.Data\VianaHub.Global.Gerit.Infra.Data.csproj", "{C374B11A-B6FF-4DA1-9C0A-E1AC6DB81E84}"
EndProject
Project("{FAE04EC0-301F-11D3-BF4B-00C04F79EFBC}") = "VianaHub.Global.Gerit.Infra.IoC", "src\VianaHub.Global.Gerit.Infra.IoC\VianaHub.Global.Gerit.Infra.IoC.csproj", "{950442DB-CD79-4A7B-B3ED-FC020E68C27C}"
EndProject
Project("{2150E333-8FDC-42A3-9474-1A3956D46DE8}") = "5-Tests", "5-Tests", "{3DE317BB-6F5C-8DC8-3308-7F794E1E843A}"
EndProject
Project("{FAE04EC0-301F-11D3-BF4B-00C04F79EFBC}") = "VianaHub.Global.Gerit.Tests", "tests\VianaHub.Global.Gerit.Tests\VianaHub.Global.Gerit.Tests.csproj", "{B59367AC-3FEB-4E39-A381-6F81BF042B09}"
EndProject
Project("{FAE04EC0-301F-11D3-BF4B-00C04F79EFBC}") = "VianaHub.Global.Gerit.Infra.Integration", "src\VianaHub.Global.Gerit.Infra.Integration\VianaHub.Global.Gerit.Infra.Integration.csproj", "{4DEE4ED2-6422-471C-AA9C-B8CFEA675955}"
EndProject
Project("{2150E333-8FDC-42A3-9474-1A3956D46DE8}") = "6-Doc", "6-Doc", "{02EA681E-C7D8-13C7-8484-4AC65E1B71E8}"
	ProjectSection(SolutionItems) = preProject
		docs\ARCHITECTURE.md = docs\ARCHITECTURE.md
	EndProjectSection
EndProject
Project("{2150E333-8FDC-42A3-9474-1A3956D46DE8}") = "Sql", "Sql", "{D4BE02A1-668D-4A86-9BC1-EF25B1BD0BAA}"
	ProjectSection(SolutionItems) = preProject
		docs\sql\Create-Tables.sql = docs\sql\Create-Tables.sql
		docs\sql\Exclude Tebles.sql = docs\sql\Exclude Tebles.sql
	EndProjectSection
EndProject
Project("{FAE04EC0-301F-11D3-BF4B-00C04F79EFBC}") = "VianaHub.Global.Gerit.Infra.Job", "src\VianaHub.Global.Gerit.Infra.Job\VianaHub.Global.Gerit.Infra.Job.csproj", "{66B87326-311A-4F43-BBA8-B71D6B9A88BD}"
EndProject
Project("{2150E333-8FDC-42A3-9474-1A3956D46DE8}") = "RN", "RN", "{91AE9324-D440-477C-9ECA-F67AC35743DF}"
	ProjectSection(SolutionItems) = preProject
		docs\rn\26-job-definition-business-rules.md = docs\rn\26-job-definition-business-rules.md
		docs\rn\27-jwt-key-management-business-rules.md = docs\rn\27-jwt-key-management-business-rules.md
	EndProjectSection
EndProject
Project("{2150E333-8FDC-42A3-9474-1A3956D46DE8}") = "Samples", "Samples", "{CAF8439D-15F1-41A6-9CD7-443CE6B1F11A}"
	ProjectSection(SolutionItems) = preProject
		docs\samples\equipments-bulk-upload.csv = docs\samples\equipments-bulk-upload.csv
		docs\samples\functions-bulk-upload.csv = docs\samples\functions-bulk-upload.csv
		docs\samples\plans-bulk-upload.csv = docs\samples\plans-bulk-upload.csv
		docs\samples\tenants-bulk-upload.csv = docs\samples\tenants-bulk-upload.csv
		docs\samples\vehicles-bulk-upload.csv = docs\samples\vehicles-bulk-upload.csv
	EndProjectSection
EndProject
Project("{2150E333-8FDC-42A3-9474-1A3956D46DE8}") = "Collection", "Collection", "{F54B6329-9AAC-457C-BF1C-AB70B7C83FDF}"
	ProjectSection(SolutionItems) = preProject
		docs\collection\Gerit.postman_collection.json = docs\collection\Gerit.postman_collection.json
	EndProjectSection
EndProject
Global
	GlobalSection(SolutionConfigurationPlatforms) = preSolution
		Debug|Any CPU = Debug|Any CPU
		Debug|x64 = Debug|x64
		Debug|x86 = Debug|x86
		Release|Any CPU = Release|Any CPU
		Release|x64 = Release|x64
		Release|x86 = Release|x86
	EndGlobalSection
	GlobalSection(ProjectConfigurationPlatforms) = postSolution
		{FD53CA8C-3E2D-48C2-8BC0-62316F6AF30B}.Debug|Any CPU.ActiveCfg = Debug|Any CPU
		{FD53CA8C-3E2D-48C2-8BC0-62316F6AF30B}.Debug|Any CPU.Build.0 = Debug|Any CPU
		{FD53CA8C-3E2D-48C2-8BC0-62316F6AF30B}.Debug|x64.ActiveCfg = Debug|Any CPU
		{FD53CA8C-3E2D-48C2-8BC0-62316F6AF30B}.Debug|x64.Build.0 = Debug|Any CPU
		{FD53CA8C-3E2D-48C2-8BC0-62316F6AF30B}.Debug|x86.ActiveCfg = Debug|Any CPU
		{FD53CA8C-3E2D-48C2-8BC0-62316F6AF30B}.Debug|x86.Build.0 = Debug|Any CPU
		{FD53CA8C-3E2D-48C2-8BC0-62316F6AF30B}.Release|Any CPU.ActiveCfg = Release|Any CPU
		{FD53CA8C-3E2D-48C2-8BC0-62316F6AF30B}.Release|Any CPU.Build.0 = Release|Any CPU
		{FD53CA8C-3E2D-48C2-8BC0-62316F6AF30B}.Release|x64.ActiveCfg = Release|Any CPU
		{FD53CA8C-3E2D-48C2-8BC0-62316F6AF30B}.Release|x64.Build.0 = Release|Any CPU
		{FD53CA8C-3E2D-48C2-8BC0-62316F6AF30B}.Release|x86.ActiveCfg = Release|Any CPU
		{FD53CA8C-3E2D-48C2-8BC0-62316F6AF30B}.Release|x86.Build.0 = Release|Any CPU
		{42E68BD7-FD35-4E59-BB42-85B2EBF686BF}.Debug|Any CPU.ActiveCfg = Debug|Any CPU
		{42E68BD7-FD35-4E59-BB42-85B2EBF686BF}.Debug|Any CPU.Build.0 = Debug|Any CPU
		{42E68BD7-FD35-4E59-BB42-85B2EBF686BF}.Debug|x64.ActiveCfg = Debug|Any CPU
		{42E68BD7-FD35-4E59-BB42-85B2EBF686BF}.Debug|x64.Build.0 = Debug|Any CPU
		{42E68BD7-FD35-4E59-BB42-85B2EBF686BF}.Debug|x86.ActiveCfg = Debug|Any CPU
		{42E68BD7-FD35-4E59-BB42-85B2EBF686BF}.Debug|x86.Build.0 = Debug|Any CPU
		{42E68BD7-FD35-4E59-BB42-85B2EBF686BF}.Release|Any CPU.ActiveCfg = Release|Any CPU
		{42E68BD7-FD35-4E59-BB42-85B2EBF686BF}.Release|Any CPU.Build.0 = Release|Any CPU
		{42E68BD7-FD35-4E59-BB42-85B2EBF686BF}.Release|x64.ActiveCfg = Release|Any CPU
		{42E68BD7-FD35-4E59-BB42-85B2EBF686BF}.Release|x64.Build.0 = Release|Any CPU
		{42E68BD7-FD35-4E59-BB42-85B2EBF686BF}.Release|x86.ActiveCfg = Release|Any CPU
		{42E68BD7-FD35-4E59-BB42-85B2EBF686BF}.Release|x86.Build.0 = Release|Any CPU
		{AA7F126D-98AD-4683-A360-E63FC2A8CF0C}.Debug|Any CPU.ActiveCfg = Debug|Any CPU
		{AA7F126D-98AD-4683-A360-E63FC2A8CF0C}.Debug|Any CPU.Build.0 = Debug|Any CPU
		{AA7F126D-98AD-4683-A360-E63FC2A8CF0C}.Debug|x64.ActiveCfg = Debug|Any CPU
		{AA7F126D-98AD-4683-A360-E63FC2A8CF0C}.Debug|x64.Build.0 = Debug|Any CPU
		{AA7F126D-98AD-4683-A360-E63FC2A8CF0C}.Debug|x86.ActiveCfg = Debug|Any CPU
		{AA7F126D-98AD-4683-A360-E63FC2A8CF0C}.Debug|x86.Build.0 = Debug|Any CPU
		{AA7F126D-98AD-4683-A360-E63FC2A8CF0C}.Release|Any CPU.ActiveCfg = Release|Any CPU
		{AA7F126D-98AD-4683-A360-E63FC2A8CF0C}.Release|Any CPU.Build.0 = Release|Any CPU
		{AA7F126D-98AD-4683-A360-E63FC2A8CF0C}.Release|x64.ActiveCfg = Release|Any CPU
		{AA7F126D-98AD-4683-A360-E63FC2A8CF0C}.Release|x64.Build.0 = Release|Any CPU
		{AA7F126D-98AD-4683-A360-E63FC2A8CF0C}.Release|x86.ActiveCfg = Release|Any CPU
		{AA7F126D-98AD-4683-A360-E63FC2A8CF0C}.Release|x86.Build.0 = Release|Any CPU
		{C374B11A-B6FF-4DA1-9C0A-E1AC6DB81E84}.Debug|Any CPU.ActiveCfg = Debug|Any CPU
		{C374B11A-B6FF-4DA1-9C0A-E1AC6DB81E84}.Debug|Any CPU.Build.0 = Debug|Any CPU
		{C374B11A-B6FF-4DA1-9C0A-E1AC6DB81E84}.Debug|x64.ActiveCfg = Debug|Any CPU
		{C374B11A-B6FF-4DA1-9C0A-E1AC6DB81E84}.Debug|x64.Build.0 = Debug|Any CPU
		{C374B11A-B6FF-4DA1-9C0A-E1AC6DB81E84}.Debug|x86.ActiveCfg = Debug|Any CPU
		{C374B11A-B6FF-4DA1-9C0A-E1AC6DB81E84}.Debug|x86.Build.0 = Debug|Any CPU
		{C374B11A-B6FF-4DA1-9C0A-E1AC6DB81E84}.Release|Any CPU.ActiveCfg = Release|Any CPU
		{C374B11A-B6FF-4DA1-9C0A-E1AC6DB81E84}.Release|Any CPU.Build.0 = Release|Any CPU
		{C374B11A-B6FF-4DA1-9C0A-E1AC6DB81E84}.Release|x64.ActiveCfg = Release|Any CPU
		{C374B11A-B6FF-4DA1-9C0A-E1AC6DB81E84}.Release|x64.Build.0 = Release|Any CPU
		{C374B11A-B6FF-4DA1-9C0A-E1AC6DB81E84}.Release|x86.ActiveCfg = Release|Any CPU
		{C374B11A-B6FF-4DA1-9C0A-E1AC6DB81E84}.Release|x86.Build.0 = Release|Any CPU
		{950442DB-CD79-4A7B-B3ED-FC020E68C27C}.Debug|Any CPU.ActiveCfg = Debug|Any CPU
		{950442DB-CD79-4A7B-B3ED-FC020E68C27C}.Debug|Any CPU.Build.0 = Debug|Any CPU
		{950442DB-CD79-4A7B-B3ED-FC020E68C27C}.Debug|x64.ActiveCfg = Debug|Any CPU
		{950442DB-CD79-4A7B-B3ED-FC020E68C27C}.Debug|x64.Build.0 = Debug|Any CPU
		{950442DB-CD79-4A7B-B3ED-FC020E68C27C}.Debug|x86.ActiveCfg = Debug|Any CPU
		{950442DB-CD79-4A7B-B3ED-FC020E68C27C}.Debug|x86.Build.0 = Debug|Any CPU
		{950442DB-CD79-4A7B-B3ED-FC020E68C27C}.Release|Any CPU.ActiveCfg = Release|Any CPU
		{950442DB-CD79-4A7B-B3ED-FC020E68C27C}.Release|Any CPU.Build.0 = Release|Any CPU
		{950442DB-CD79-4A7B-B3ED-FC020E68C27C}.Release|x64.ActiveCfg = Release|Any CPU
		{950442DB-CD79-4A7B-B3ED-FC020E68C27C}.Release|x64.Build.0 = Release|Any CPU
		{950442DB-CD79-4A7B-B3ED-FC020E68C27C}.Release|x86.ActiveCfg = Release|Any CPU
		{950442DB-CD79-4A7B-B3ED-FC020E68C27C}.Release|x86.Build.0 = Release|Any CPU
		{B59367AC-3FEB-4E39-A381-6F81BF042B09}.Debug|Any CPU.ActiveCfg = Debug|Any CPU
		{B59367AC-3FEB-4E39-A381-6F81BF042B09}.Debug|Any CPU.Build.0 = Debug|Any CPU
		{B59367AC-3FEB-4E39-A381-6F81BF042B09}.Debug|x64.ActiveCfg = Debug|Any CPU
		{B59367AC-3FEB-4E39-A381-6F81BF042B09}.Debug|x64.Build.0 = Debug|Any CPU
		{B59367AC-3FEB-4E39-A381-6F81BF042B09}.Debug|x86.ActiveCfg = Debug|Any CPU
		{B59367AC-3FEB-4E39-A381-6F81BF042B09}.Debug|x86.Build.0 = Debug|Any CPU
		{B59367AC-3FEB-4E39-A381-6F81BF042B09}.Release|Any CPU.ActiveCfg = Release|Any CPU
		{B59367AC-3FEB-4E39-A381-6F81BF042B09}.Release|Any CPU.Build.0 = Release|Any CPU
		{B59367AC-3FEB-4E39-A381-6F81BF042B09}.Release|x64.ActiveCfg = Release|Any CPU
		{B59367AC-3FEB-4E39-A381-6F81BF042B09}.Release|x64.Build.0 = Release|Any CPU
		{B59367AC-3FEB-4E39-A381-6F81BF042B09}.Release|x86.ActiveCfg = Release|Any CPU
		{B59367AC-3FEB-4E39-A381-6F81BF042B09}.Release|x86.Build.0 = Release|Any CPU
		{4DEE4ED2-6422-471C-AA9C-B8CFEA675955}.Debug|Any CPU.ActiveCfg = Debug|Any CPU
		{4DEE4ED2-6422-471C-AA9C-B8CFEA675955}.Debug|Any CPU.Build.0 = Debug|Any CPU
		{4DEE4ED2-6422-471C-AA9C-B8CFEA675955}.Debug|x64.ActiveCfg = Debug|Any CPU
		{4DEE4ED2-6422-471C-AA9C-B8CFEA675955}.Debug|x64.Build.0 = Debug|Any CPU
		{4DEE4ED2-6422-471C-AA9C-B8CFEA675955}.Debug|x86.ActiveCfg = Debug|Any CPU
		{4DEE4ED2-6422-471C-AA9C-B8CFEA675955}.Debug|x86.Build.0 = Debug|Any CPU
		{4DEE4ED2-6422-471C-AA9C-B8CFEA675955}.Release|Any CPU.ActiveCfg = Release|Any CPU
		{4DEE4ED2-6422-471C-AA9C-B8CFEA675955}.Release|Any CPU.Build.0 = Release|Any CPU
		{4DEE4ED2-6422-471C-AA9C-B8CFEA675955}.Release|x64.ActiveCfg = Release|Any CPU
		{4DEE4ED2-6422-471C-AA9C-B8CFEA675955}.Release|x64.Build.0 = Release|Any CPU
		{4DEE4ED2-6422-471C-AA9C-B8CFEA675955}.Release|x86.ActiveCfg = Release|Any CPU
		{4DEE4ED2-6422-471C-AA9C-B8CFEA675955}.Release|x86.Build.0 = Release|Any CPU
		{66B87326-311A-4F43-BBA8-B71D6B9A88BD}.Debug|Any CPU.ActiveCfg = Debug|Any CPU
		{66B87326-311A-4F43-BBA8-B71D6B9A88BD}.Debug|Any CPU.Build.0 = Debug|Any CPU
		{66B87326-311A-4F43-BBA8-B71D6B9A88BD}.Debug|x64.ActiveCfg = Debug|Any CPU
		{66B87326-311A-4F43-BBA8-B71D6B9A88BD}.Debug|x64.Build.0 = Debug|Any CPU
		{66B87326-311A-4F43-BBA8-B71D6B9A88BD}.Debug|x86.ActiveCfg = Debug|Any CPU
		{66B87326-311A-4F43-BBA8-B71D6B9A88BD}.Debug|x86.Build.0 = Debug|Any CPU
		{66B87326-311A-4F43-BBA8-B71D6B9A88BD}.Release|Any CPU.ActiveCfg = Release|Any CPU
		{66B87326-311A-4F43-BBA8-B71D6B9A88BD}.Release|Any CPU.Build.0 = Release|Any CPU
		{66B87326-311A-4F43-BBA8-B71D6B9A88BD}.Release|x64.ActiveCfg = Release|Any CPU
		{66B87326-311A-4F43-BBA8-B71D6B9A88BD}.Release|x64.Build.0 = Release|Any CPU
		{66B87326-311A-4F43-BBA8-B71D6B9A88BD}.Release|x86.ActiveCfg = Release|Any CPU
		{66B87326-311A-4F43-BBA8-B71D6B9A88BD}.Release|x86.Build.0 = Release|Any CPU
	EndGlobalSection
	GlobalSection(SolutionProperties) = preSolution
		HideSolutionNode = FALSE
	EndGlobalSection
	GlobalSection(NestedProjects) = preSolution
		{FD53CA8C-3E2D-48C2-8BC0-62316F6AF30B} = {629E70C3-503C-ED8D-D89C-9C8184ADA427}
		{42E68BD7-FD35-4E59-BB42-85B2EBF686BF} = {2AD92386-79E5-699F-F58F-FD6FA6A6916E}
		{AA7F126D-98AD-4683-A360-E63FC2A8CF0C} = {2420C803-290B-F142-B73B-E5BA85E34988}
		{C374B11A-B6FF-4DA1-9C0A-E1AC6DB81E84} = {C263FC6A-B645-7249-9C52-1318A4A3D2CA}
		{950442DB-CD79-4A7B-B3ED-FC020E68C27C} = {C263FC6A-B645-7249-9C52-1318A4A3D2CA}
		{B59367AC-3FEB-4E39-A381-6F81BF042B09} = {3DE317BB-6F5C-8DC8-3308-7F794E1E843A}
		{4DEE4ED2-6422-471C-AA9C-B8CFEA675955} = {C263FC6A-B645-7249-9C52-1318A4A3D2CA}
		{D4BE02A1-668D-4A86-9BC1-EF25B1BD0BAA} = {02EA681E-C7D8-13C7-8484-4AC65E1B71E8}
		{66B87326-311A-4F43-BBA8-B71D6B9A88BD} = {C263FC6A-B645-7249-9C52-1318A4A3D2CA}
		{91AE9324-D440-477C-9ECA-F67AC35743DF} = {02EA681E-C7D8-13C7-8484-4AC65E1B71E8}
		{CAF8439D-15F1-41A6-9CD7-443CE6B1F11A} = {02EA681E-C7D8-13C7-8484-4AC65E1B71E8}
		{F54B6329-9AAC-457C-BF1C-AB70B7C83FDF} = {02EA681E-C7D8-13C7-8484-4AC65E1B71E8}
	EndGlobalSection
	GlobalSection(ExtensibilityGlobals) = postSolution
		SolutionGuid = {AA98F41F-D832-43C6-8EBA-4906646D9437}
	EndGlobalSection
EndGlobal
